<Solution>
  <Project Path="src/D7.Core/D7.Core.csproj" />
  <Project Path="src/D7.Tools/D7.Tools.csproj" />
  <Project Path="src/D7.Benchmark/D7.Benchmark.csproj" />
  <Project Path="src/D7.Rollback/D7.Rollback.csproj" />
  <Project Path="src/D7.Games/D7.Games.csproj" />
  <Project Path="src/D7.Hardware/D7.Hardware.csproj" />
  <Project Path="src/D7.Stability/D7.Stability.csproj" />
  <Project Path="src/D7.Optimization/D7.Optimization.csproj" />
  <Project Path="src/D7.Orchestration/D7.Orchestration.csproj" />
  <Project Path="src/D7.Diagnostics/D7.Diagnostics.csproj" />
  <Project Path="src/D7.Updater/D7.Updater.csproj" />
  <Project Path="src/D7.App/D7.App.csproj" />
  <Project Path="tests/D7.UnitTests/D7.UnitTests.csproj" />
</Solution>
